
Microsoft Visual Studio Solution File, Format Version 12.00
# Visual Studio Version 17
VisualStudioVersion = 17.9.34622.214
MinimumVisualStudioVersion = 10.0.40219.1
Project("{FAE04EC0-301F-11D3-BF4B-00C04F79EFBC}") = "RewardPoints", "RewardPoints\RewardPoints.csproj", "{5D51F035-295B-42BA-BCF1-5175E1D956CA}"
EndProject
Global
	GlobalSection(SolutionConfigurationPlatforms) = preSolution
		Debug|Any CPU = Debug|Any CPU
		Release|Any CPU = Release|Any CPU
	EndGlobalSection
	GlobalSection(ProjectConfigurationPlatforms) = postSolution
		{5D51F035-295B-42BA-BCF1-5175E1D956CA}.Debug|Any CPU.ActiveCfg = Debug|Any CPU
		{5D51F035-295B-42BA-BCF1-5175E1D956CA}.Debug|Any CPU.Build.0 = Debug|Any CPU
		{5D51F035-295B-42BA-BCF1-5175E1D956CA}.Release|Any CPU.ActiveCfg = Release|Any CPU
		{5D51F035-295B-42BA-BCF1-5175E1D956CA}.Release|Any CPU.Build.0 = Release|Any CPU
	EndGlobalSection
	GlobalSection(SolutionProperties) = preSolution
		HideSolutionNode = FALSE
	EndGlobalSection
	GlobalSection(ExtensibilityGlobals) = postSolution
		SolutionGuid = {CE33B090-0F64-4BDA-8E36-B6096F1CBE92}
	EndGlobalSection
EndGlobal
